
Microsoft Visual Studio Solution File, Format Version 12.00
# Visual Studio 14
VisualStudioVersion = 14.0.25420.1
MinimumVisualStudioVersion = 10.0.40219.1
Project("{FAE04EC0-301F-11D3-BF4B-00C04F79EFBC}") = "HelloWorld", "HelloWorld\HelloWorld.csproj", "{46E53421-9284-4513-BB5D-09D56136FA3E}"
EndProject
Project("{FAE04EC0-301F-11D3-BF4B-00C04F79EFBC}") = "HelloWorldTests", "HelloWorldTests\HelloWorldTests.csproj", "{D2D60232-FE2F-4973-83A3-15440C54D218}"
EndProject
Project("{FAE04EC0-301F-11D3-BF4B-00C04F79EFBC}") = "RobotCtrl", "RobotCtrl\RobotCtrl.csproj", "{CF427539-9A22-434B-A8E7-7AA40CE33964}"
EndProject
Project("{FAE04EC0-301F-11D3-BF4B-00C04F79EFBC}") = "RobotIO", "RobotIO\RobotIO.csproj", "{F3E3E67A-7711-44AF-AFAF-61F59A70CAAC}"
EndProject
Project("{FAE04EC0-301F-11D3-BF4B-00C04F79EFBC}") = "RobotView", "RobotView\RobotView.csproj", "{13B42BB0-1A98-4544-B7BC-181CC81D9646}"
EndProject
Project("{FAE04EC0-301F-11D3-BF4B-00C04F79EFBC}") = "TestConsole", "TestConsole\TestConsole.csproj", "{A3EFA333-9A32-4D0B-8012-5893FF3C5342}"
EndProject
Project("{FAE04EC0-301F-11D3-BF4B-00C04F79EFBC}") = "TestMotor", "TestMotor\TestMotor.csproj", "{67DA27A3-43C3-4913-ACBC-F63C49644FF4}"
	ProjectSection(ProjectDependencies) = postProject
		{CF427539-9A22-434B-A8E7-7AA40CE33964} = {CF427539-9A22-434B-A8E7-7AA40CE33964}
		{F3E3E67A-7711-44AF-AFAF-61F59A70CAAC} = {F3E3E67A-7711-44AF-AFAF-61F59A70CAAC}
		{13B42BB0-1A98-4544-B7BC-181CC81D9646} = {13B42BB0-1A98-4544-B7BC-181CC81D9646}
	EndProjectSection
EndProject
Project("{FAE04EC0-301F-11D3-BF4B-00C04F79EFBC}") = "RobotViewTest", "RobotViewTest\RobotViewTest.csproj", "{D5158214-2FAE-469D-838C-225C5A74F96E}"
	ProjectSection(ProjectDependencies) = postProject
		{CF427539-9A22-434B-A8E7-7AA40CE33964} = {CF427539-9A22-434B-A8E7-7AA40CE33964}
		{F3E3E67A-7711-44AF-AFAF-61F59A70CAAC} = {F3E3E67A-7711-44AF-AFAF-61F59A70CAAC}
		{13B42BB0-1A98-4544-B7BC-181CC81D9646} = {13B42BB0-1A98-4544-B7BC-181CC81D9646}
	EndProjectSection
EndProject
Project("{FAE04EC0-301F-11D3-BF4B-00C04F79EFBC}") = "RobotCtrlTest", "RobotCtrlTest\RobotCtrlTest.csproj", "{6AB98ACF-3BB8-44CC-8069-F2BABC5BB0F4}"
EndProject
Project("{FAE04EC0-301F-11D3-BF4B-00C04F79EFBC}") = "TestRadar", "TestRadar\TestRadar.csproj", "{0B092443-E2F2-4AFD-8FB2-8997C17544D7}"
EndProject
Project("{FAE04EC0-301F-11D3-BF4B-00C04F79EFBC}") = "TestTracks", "TestTracks\TestTracks.csproj", "{662692FC-927E-4190-8B15-692ACB622D50}"
EndProject
Project("{FAE04EC0-301F-11D3-BF4B-00C04F79EFBC}") = "Testat", "Testat\Testat.csproj", "{83A40A99-3D22-47FC-A2B6-97E37A63CB00}"
EndProject
Project("{FAE04EC0-301F-11D3-BF4B-00C04F79EFBC}") = "CommandLineInterface", "CommandLineInterface\CommandLineInterface.csproj", "{04F4AD7D-3C7F-4C4D-AFBD-17DC4C9656E7}"
EndProject
Project("{FAE04EC0-301F-11D3-BF4B-00C04F79EFBC}") = "CLIClient", "CLIClient\CLIClient.csproj", "{2BA071C7-1490-4370-A9DA-124AF295364A}"
EndProject
Global
	GlobalSection(SolutionConfigurationPlatforms) = preSolution
		Debug|Any CPU = Debug|Any CPU
		Release|Any CPU = Release|Any CPU
	EndGlobalSection
	GlobalSection(ProjectConfigurationPlatforms) = postSolution
		{46E53421-9284-4513-BB5D-09D56136FA3E}.Debug|Any CPU.ActiveCfg = Debug|Any CPU
		{46E53421-9284-4513-BB5D-09D56136FA3E}.Debug|Any CPU.Build.0 = Debug|Any CPU
		{46E53421-9284-4513-BB5D-09D56136FA3E}.Release|Any CPU.ActiveCfg = Release|Any CPU
		{46E53421-9284-4513-BB5D-09D56136FA3E}.Release|Any CPU.Build.0 = Release|Any CPU
		{D2D60232-FE2F-4973-83A3-15440C54D218}.Debug|Any CPU.ActiveCfg = Debug|Any CPU
		{D2D60232-FE2F-4973-83A3-15440C54D218}.Debug|Any CPU.Build.0 = Debug|Any CPU
		{D2D60232-FE2F-4973-83A3-15440C54D218}.Release|Any CPU.ActiveCfg = Release|Any CPU
		{D2D60232-FE2F-4973-83A3-15440C54D218}.Release|Any CPU.Build.0 = Release|Any CPU
		{CF427539-9A22-434B-A8E7-7AA40CE33964}.Debug|Any CPU.ActiveCfg = Debug|Any CPU
		{CF427539-9A22-434B-A8E7-7AA40CE33964}.Debug|Any CPU.Build.0 = Debug|Any CPU
		{CF427539-9A22-434B-A8E7-7AA40CE33964}.Debug|Any CPU.Deploy.0 = Debug|Any CPU
		{CF427539-9A22-434B-A8E7-7AA40CE33964}.Release|Any CPU.ActiveCfg = Release|Any CPU
		{CF427539-9A22-434B-A8E7-7AA40CE33964}.Release|Any CPU.Build.0 = Release|Any CPU
		{CF427539-9A22-434B-A8E7-7AA40CE33964}.Release|Any CPU.Deploy.0 = Release|Any CPU
		{F3E3E67A-7711-44AF-AFAF-61F59A70CAAC}.Debug|Any CPU.ActiveCfg = Debug|Any CPU
		{F3E3E67A-7711-44AF-AFAF-61F59A70CAAC}.Debug|Any CPU.Build.0 = Debug|Any CPU
		{F3E3E67A-7711-44AF-AFAF-61F59A70CAAC}.Debug|Any CPU.Deploy.0 = Debug|Any CPU
		{F3E3E67A-7711-44AF-AFAF-61F59A70CAAC}.Release|Any CPU.ActiveCfg = Release|Any CPU
		{F3E3E67A-7711-44AF-AFAF-61F59A70CAAC}.Release|Any CPU.Build.0 = Release|Any CPU
		{F3E3E67A-7711-44AF-AFAF-61F59A70CAAC}.Release|Any CPU.Deploy.0 = Release|Any CPU
		{13B42BB0-1A98-4544-B7BC-181CC81D9646}.Debug|Any CPU.ActiveCfg = Debug|Any CPU
		{13B42BB0-1A98-4544-B7BC-181CC81D9646}.Debug|Any CPU.Build.0 = Debug|Any CPU
		{13B42BB0-1A98-4544-B7BC-181CC81D9646}.Debug|Any CPU.Deploy.0 = Debug|Any CPU
		{13B42BB0-1A98-4544-B7BC-181CC81D9646}.Release|Any CPU.ActiveCfg = Release|Any CPU
		{13B42BB0-1A98-4544-B7BC-181CC81D9646}.Release|Any CPU.Build.0 = Release|Any CPU
		{13B42BB0-1A98-4544-B7BC-181CC81D9646}.Release|Any CPU.Deploy.0 = Release|Any CPU
		{A3EFA333-9A32-4D0B-8012-5893FF3C5342}.Debug|Any CPU.ActiveCfg = Debug|Any CPU
		{A3EFA333-9A32-4D0B-8012-5893FF3C5342}.Debug|Any CPU.Build.0 = Debug|Any CPU
		{A3EFA333-9A32-4D0B-8012-5893FF3C5342}.Debug|Any CPU.Deploy.0 = Debug|Any CPU
		{A3EFA333-9A32-4D0B-8012-5893FF3C5342}.Release|Any CPU.ActiveCfg = Release|Any CPU
		{A3EFA333-9A32-4D0B-8012-5893FF3C5342}.Release|Any CPU.Build.0 = Release|Any CPU
		{A3EFA333-9A32-4D0B-8012-5893FF3C5342}.Release|Any CPU.Deploy.0 = Release|Any CPU
		{67DA27A3-43C3-4913-ACBC-F63C49644FF4}.Debug|Any CPU.ActiveCfg = Debug|Any CPU
		{67DA27A3-43C3-4913-ACBC-F63C49644FF4}.Debug|Any CPU.Build.0 = Debug|Any CPU
		{67DA27A3-43C3-4913-ACBC-F63C49644FF4}.Debug|Any CPU.Deploy.0 = Debug|Any CPU
		{67DA27A3-43C3-4913-ACBC-F63C49644FF4}.Release|Any CPU.ActiveCfg = Release|Any CPU
		{67DA27A3-43C3-4913-ACBC-F63C49644FF4}.Release|Any CPU.Build.0 = Release|Any CPU
		{67DA27A3-43C3-4913-ACBC-F63C49644FF4}.Release|Any CPU.Deploy.0 = Release|Any CPU
		{D5158214-2FAE-469D-838C-225C5A74F96E}.Debug|Any CPU.ActiveCfg = Debug|Any CPU
		{D5158214-2FAE-469D-838C-225C5A74F96E}.Debug|Any CPU.Build.0 = Debug|Any CPU
		{D5158214-2FAE-469D-838C-225C5A74F96E}.Release|Any CPU.ActiveCfg = Release|Any CPU
		{D5158214-2FAE-469D-838C-225C5A74F96E}.Release|Any CPU.Build.0 = Release|Any CPU
		{6AB98ACF-3BB8-44CC-8069-F2BABC5BB0F4}.Debug|Any CPU.ActiveCfg = Debug|Any CPU
		{6AB98ACF-3BB8-44CC-8069-F2BABC5BB0F4}.Debug|Any CPU.Build.0 = Debug|Any CPU
		{6AB98ACF-3BB8-44CC-8069-F2BABC5BB0F4}.Release|Any CPU.ActiveCfg = Release|Any CPU
		{6AB98ACF-3BB8-44CC-8069-F2BABC5BB0F4}.Release|Any CPU.Build.0 = Release|Any CPU
		{0B092443-E2F2-4AFD-8FB2-8997C17544D7}.Debug|Any CPU.ActiveCfg = Debug|Any CPU
		{0B092443-E2F2-4AFD-8FB2-8997C17544D7}.Debug|Any CPU.Build.0 = Debug|Any CPU
		{0B092443-E2F2-4AFD-8FB2-8997C17544D7}.Debug|Any CPU.Deploy.0 = Debug|Any CPU
		{0B092443-E2F2-4AFD-8FB2-8997C17544D7}.Release|Any CPU.ActiveCfg = Release|Any CPU
		{0B092443-E2F2-4AFD-8FB2-8997C17544D7}.Release|Any CPU.Build.0 = Release|Any CPU
		{0B092443-E2F2-4AFD-8FB2-8997C17544D7}.Release|Any CPU.Deploy.0 = Release|Any CPU
		{662692FC-927E-4190-8B15-692ACB622D50}.Debug|Any CPU.ActiveCfg = Debug|Any CPU
		{662692FC-927E-4190-8B15-692ACB622D50}.Debug|Any CPU.Build.0 = Debug|Any CPU
		{662692FC-927E-4190-8B15-692ACB622D50}.Debug|Any CPU.Deploy.0 = Debug|Any CPU
		{662692FC-927E-4190-8B15-692ACB622D50}.Release|Any CPU.ActiveCfg = Release|Any CPU
		{662692FC-927E-4190-8B15-692ACB622D50}.Release|Any CPU.Build.0 = Release|Any CPU
		{662692FC-927E-4190-8B15-692ACB622D50}.Release|Any CPU.Deploy.0 = Release|Any CPU
		{83A40A99-3D22-47FC-A2B6-97E37A63CB00}.Debug|Any CPU.ActiveCfg = Debug|Any CPU
		{83A40A99-3D22-47FC-A2B6-97E37A63CB00}.Debug|Any CPU.Build.0 = Debug|Any CPU
		{83A40A99-3D22-47FC-A2B6-97E37A63CB00}.Debug|Any CPU.Deploy.0 = Debug|Any CPU
		{83A40A99-3D22-47FC-A2B6-97E37A63CB00}.Release|Any CPU.ActiveCfg = Release|Any CPU
		{83A40A99-3D22-47FC-A2B6-97E37A63CB00}.Release|Any CPU.Build.0 = Release|Any CPU
		{83A40A99-3D22-47FC-A2B6-97E37A63CB00}.Release|Any CPU.Deploy.0 = Release|Any CPU
		{04F4AD7D-3C7F-4C4D-AFBD-17DC4C9656E7}.Debug|Any CPU.ActiveCfg = Debug|Any CPU
		{04F4AD7D-3C7F-4C4D-AFBD-17DC4C9656E7}.Debug|Any CPU.Build.0 = Debug|Any CPU
		{04F4AD7D-3C7F-4C4D-AFBD-17DC4C9656E7}.Debug|Any CPU.Deploy.0 = Debug|Any CPU
		{04F4AD7D-3C7F-4C4D-AFBD-17DC4C9656E7}.Release|Any CPU.ActiveCfg = Release|Any CPU
		{04F4AD7D-3C7F-4C4D-AFBD-17DC4C9656E7}.Release|Any CPU.Build.0 = Release|Any CPU
		{04F4AD7D-3C7F-4C4D-AFBD-17DC4C9656E7}.Release|Any CPU.Deploy.0 = Release|Any CPU
		{2BA071C7-1490-4370-A9DA-124AF295364A}.Debug|Any CPU.ActiveCfg = Debug|Any CPU
		{2BA071C7-1490-4370-A9DA-124AF295364A}.Debug|Any CPU.Build.0 = Debug|Any CPU
		{2BA071C7-1490-4370-A9DA-124AF295364A}.Release|Any CPU.ActiveCfg = Release|Any CPU
		{2BA071C7-1490-4370-A9DA-124AF295364A}.Release|Any CPU.Build.0 = Release|Any CPU
	EndGlobalSection
	GlobalSection(SolutionProperties) = preSolution
		HideSolutionNode = FALSE
	EndGlobalSection
EndGlobal
